// !$*UTF8*$!
{
	archiveVersion = 1;
	classes = {
	};
	objectVersion = 56;
	objects = {

/* Begin PBXBuildFile section */
		37F3D05C2AF0464D00782CFD /* oct30gameApp.swift in Sources */ = {isa = PBXBuildFile; fileRef = 37F3D05B2AF0464D00782CFD /* oct30gameApp.swift */; };
		37F3D05E2AF0464D00782CFD /* ContentView.swift in Sources */ = {isa = PBXBuildFile; fileRef = 37F3D05D2AF0464D00782CFD /* ContentView.swift */; };
		37F3D0602AF0464E00782CFD /* Assets.xcassets in Resources */ = {isa = PBXBuildFile; fileRef = 37F3D05F2AF0464E00782CFD /* Assets.xcassets */; };
		37F3D0632AF0464E00782CFD /* Preview Assets.xcassets in Resources */ = {isa = PBXBuildFile; fileRef = 37F3D0622AF0464E00782CFD /* Preview Assets.xcassets */; };
		37F3D06D2AF0464E00782CFD /* oct30gameTests.swift in Sources */ = {isa = PBXBuildFile; fileRef = 37F3D06C2AF0464E00782CFD /* oct30gameTests.swift */; };
		37F3D0772AF0464E00782CFD /* oct30gameUITests.swift in Sources */ = {isa = PBXBuildFile; fileRef = 37F3D0762AF0464E00782CFD /* oct30gameUITests.swift */; };
		37F3D0792AF0464E00782CFD /* oct30gameUITestsLaunchTests.swift in Sources */ = {isa = PBXBuildFile; fileRef = 37F3D0782AF0464E00782CFD /* oct30gameUITestsLaunchTests.swift */; };
/* End PBXBuildFile section */

/* Begin PBXContainerItemProxy section */
		37F3D0692AF0464E00782CFD /* PBXContainerItemProxy */ = {
			isa = PBXContainerItemProxy;
			containerPortal = 37F3D0502AF0464D00782CFD /* Project object */;
			proxyType = 1;
			remoteGlobalIDString = 37F3D0572AF0464D00782CFD;
			remoteInfo = oct30game;
		};
		37F3D0732AF0464E00782CFD /* PBXContainerItemProxy */ = {
			isa = PBXContainerItemProxy;
			containerPortal = 37F3D0502AF0464D00782CFD /* Project object */;
			proxyType = 1;
			remoteGlobalIDString = 37F3D0572AF0464D00782CFD;
			remoteInfo = oct30game;
		};
/* End PBXContainerItemProxy section */

/* Begin PBXFileReference section */
		37F3D0582AF0464D00782CFD /* oct30game.app */ = {isa = PBXFileReference; explicitFileType = wrapper.application; includeInIndex = 0; path = oct30game.app; sourceTree = BUILT_PRODUCTS_DIR; };
		37F3D05B2AF0464D00782CFD /* oct30gameApp.swift */ = {isa = PBXFileReference; lastKnownFileType = sourcecode.swift; path = oct30gameApp.swift; sourceTree = "<group>"; };
		37F3D05D2AF0464D00782CFD /* ContentView.swift */ = {isa = PBXFileReference; lastKnownFileType = sourcecode.swift; path = ContentView.swift; sourceTree = "<group>"; };
		37F3D05F2AF0464E00782CFD /* Assets.xcassets */ = {isa = PBXFileReference; lastKnownFileType = folder.assetcatalog; path = Assets.xcassets; sourceTree = "<group>"; };
		37F3D0622AF0464E00782CFD /* Preview Assets.xcassets */ = {isa = PBXFileReference; lastKnownFileType = folder.assetcatalog; path = "Preview Assets.xcassets"; sourceTree = "<group>"; };
		37F3D0682AF0464E00782CFD /* oct30gameTests.xctest */ = {isa = PBXFileReference; explicitFileType = wrapper.cfbundle; includeInIndex = 0; path = oct30gameTests.xctest; sourceTree = BUILT_PRODUCTS_DIR; };
		37F3D06C2AF0464E00782CFD /* oct30gameTests.swift */ = {isa = PBXFileReference; lastKnownFileType = sourcecode.swift; path = oct30gameTests.swift; sourceTree = "<group>"; };
		37F3D0722AF0464E00782CFD /* oct30gameUITests.xctest */ = {isa = PBXFileReference; explicitFileType = wrapper.cfbundle; includeInIndex = 0; path = oct30gameUITests.xctest; sourceTree = BUILT_PRODUCTS_DIR; };
		37F3D0762AF0464E00782CFD /* oct30gameUITests.swift */ = {isa = PBXFileReference; lastKnownFileType = sourcecode.swift; path = oct30gameUITests.swift; sourceTree = "<group>"; };
		37F3D0782AF0464E00782CFD /* oct30gameUITestsLaunchTests.swift */ = {isa = PBXFileReference; lastKnownFileType = sourcecode.swift; path = oct30gameUITestsLaunchTests.swift; sourceTree = "<group>"; };
/* End PBXFileReference section */

/* Begin PBXFrameworksBuildPhase section */
		37F3D0552AF0464D00782CFD /* Frameworks */ = {
			isa = PBXFrameworksBuildPhase;
			buildActionMask = 2147483647;
			files = (
			);
			runOnlyForDeploymentPostprocessing = 0;
		};
		37F3D0652AF0464E00782CFD /* Frameworks */ = {
			isa = PBXFrameworksBuildPhase;
			buildActionMask = 2147483647;
			files = (
			);
			runOnlyForDeploymentPostprocessing = 0;
		};
		37F3D06F2AF0464E00782CFD /* Frameworks */ = {
			isa = PBXFrameworksBuildPhase;
			buildActionMask = 2147483647;
			files = (
			);
			runOnlyForDeploymentPostprocessing = 0;
		};
/* End PBXFrameworksBuildPhase section */

/* Begin PBXGroup section */
		37F3D04F2AF0464D00782CFD = {
			isa = PBXGroup;
			children = (
				37F3D05A2AF0464D00782CFD /* oct30game */,
				37F3D06B2AF0464E00782CFD /* oct30gameTests */,
				37F3D0752AF0464E00782CFD /* oct30gameUITests */,
				37F3D0592AF0464D00782CFD /* Products */,
			);
			sourceTree = "<group>";
		};
		37F3D0592AF0464D00782CFD /* Products */ = {
			isa = PBXGroup;
			children = (
				37F3D0582AF0464D00782CFD /* oct30game.app */,
				37F3D0682AF0464E00782CFD /* oct30gameTests.xctest */,
				37F3D0722AF0464E00782CFD /* oct30gameUITests.xctest */,
			);
			name = Products;
			sourceTree = "<group>";
		};
		37F3D05A2AF0464D00782CFD /* oct30game */ = {
			isa = PBXGroup;
			children = (
				37F3D05D2AF0464D00782CFD /* ContentView.swift */,
				37F3D05B2AF0464D00782CFD /* oct30gameApp.swift */,
				37F3D05F2AF0464E00782CFD /* Assets.xcassets */,
				37F3D0612AF0464E00782CFD /* Preview Content */,
			);
			path = oct30game;
			sourceTree = "<group>";
		};
		37F3D0612AF0464E00782CFD /* Preview Content */ = {
			isa = PBXGroup;
			children = (
				37F3D0622AF0464E00782CFD /* Preview Assets.xcassets */,
			);
			path = "Preview Content";
			sourceTree = "<group>";
		};
		37F3D06B2AF0464E00782CFD /* oct30gameTests */ = {
			isa = PBXGroup;
			children = (
				37F3D06C2AF0464E00782CFD /* oct30gameTests.swift */,
			);
			path = oct30gameTests;
			sourceTree = "<group>";
		};
		37F3D0752AF0464E00782CFD /* oct30gameUITests */ = {
			isa = PBXGroup;
			children = (
				37F3D0762AF0464E00782CFD /* oct30gameUITests.swift */,
				37F3D0782AF0464E00782CFD /* oct30gameUITestsLaunchTests.swift */,
			);
			path = oct30gameUITests;
			sourceTree = "<group>";
		};
/* End PBXGroup section */

/* Begin PBXNativeTarget section */
		37F3D0572AF0464D00782CFD /* oct30game */ = {
			isa = PBXNativeTarget;
			buildConfigurationList = 37F3D07C2AF0464E00782CFD /* Build configuration list for PBXNativeTarget "oct30game" */;
			buildPhases = (
				37F3D0542AF0464D00782CFD /* Sources */,
				37F3D0552AF0464D00782CFD /* Frameworks */,
				37F3D0562AF0464D00782CFD /* Resources */,
			);
			buildRules = (
			);
			dependencies = (
			);
			name = oct30game;
			productName = oct30game;
			productReference = 37F3D0582AF0464D00782CFD /* oct30game.app */;
			productType = "com.apple.product-type.application";
		};
		37F3D0672AF0464E00782CFD /* oct30gameTests */ = {
			isa = PBXNativeTarget;
			buildConfigurationList = 37F3D07F2AF0464E00782CFD /* Build configuration list for PBXNativeTarget "oct30gameTests" */;
			buildPhases = (
				37F3D0642AF0464E00782CFD /* Sources */,
				37F3D0652AF0464E00782CFD /* Frameworks */,
				37F3D0662AF0464E00782CFD /* Resources */,
			);
			buildRules = (
			);
			dependencies = (
				37F3D06A2AF0464E00782CFD /* PBXTargetDependency */,
			);
			name = oct30gameTests;
			productName = oct30gameTests;
			productReference = 37F3D0682AF0464E00782CFD /* oct30gameTests.xctest */;
			productType = "com.apple.product-type.bundle.unit-test";
		};
		37F3D0712AF0464E00782CFD /* oct30gameUITests */ = {
			isa = PBXNativeTarget;
			buildConfigurationList = 37F3D0822AF0464E00782CFD /* Build configuration list for PBXNativeTarget "oct30gameUITests" */;
			buildPhases = (
				37F3D06E2AF0464E00782CFD /* Sources */,
				37F3D06F2AF0464E00782CFD /* Frameworks */,
				37F3D0702AF0464E00782CFD /* Resources */,
			);
			buildRules = (
			);
			dependencies = (
				37F3D0742AF0464E00782CFD /* PBXTargetDependency */,
			);
			name = oct30gameUITests;
			productName = oct30gameUITests;
			productReference = 37F3D0722AF0464E00782CFD /* oct30gameUITests.xctest */;
			productType = "com.apple.product-type.bundle.ui-testing";
		};
/* End PBXNativeTarget section */

/* Begin PBXProject section */
		37F3D0502AF0464D00782CFD /* Project object */ = {
			isa = PBXProject;
			attributes = {
				BuildIndependentTargetsInParallel = 1;
				LastSwiftUpdateCheck = 1430;
				LastUpgradeCheck = 1430;
				TargetAttributes = {
					37F3D0572AF0464D00782CFD = {
						CreatedOnToolsVersion = 14.3.1;
					};
					37F3D0672AF0464E00782CFD = {
						CreatedOnToolsVersion = 14.3.1;
						TestTargetID = 37F3D0572AF0464D00782CFD;
					};
					37F3D0712AF0464E00782CFD = {
						CreatedOnToolsVersion = 14.3.1;
						TestTargetID = 37F3D0572AF0464D00782CFD;
					};
				};
			};
			buildConfigurationList = 37F3D0532AF0464D00782CFD /* Build configuration list for PBXProject "oct30game" */;
			compatibilityVersion = "Xcode 14.0";
			developmentRegion = en;
			hasScannedForEncodings = 0;
			knownRegions = (
				en,
				Base,
			);
			mainGroup = 37F3D04F2AF0464D00782CFD;
			productRefGroup = 37F3D0592AF0464D00782CFD /* Products */;
			projectDirPath = "";
			projectRoot = "";
			targets = (
				37F3D0572AF0464D00782CFD /* oct30game */,
				37F3D0672AF0464E00782CFD /* oct30gameTests */,
				37F3D0712AF0464E00782CFD /* oct30gameUITests */,
			);
		};
/* End PBXProject section */

/* Begin PBXResourcesBuildPhase section */
		37F3D0562AF0464D00782CFD /* Resources */ = {
			isa = PBXResourcesBuildPhase;
			buildActionMask = 2147483647;
			files = (
				37F3D0632AF0464E00782CFD /* Preview Assets.xcassets in Resources */,
				37F3D0602AF0464E00782CFD /* Assets.xcassets in Resources */,
			);
			runOnlyForDeploymentPostprocessing = 0;
		};
		37F3D0662AF0464E00782CFD /* Resources */ = {
			isa = PBXResourcesBuildPhase;
			buildActionMask = 2147483647;
			files = (
			);
			runOnlyForDeploymentPostprocessing = 0;
		};
		37F3D0702AF0464E00782CFD /* Resources */ = {
			isa = PBXResourcesBuildPhase;
			buildActionMask = 2147483647;
			files = (
			);
			runOnlyForDeploymentPostprocessing = 0;
		};
/* End PBXResourcesBuildPhase section */

/* Begin PBXSourcesBuildPhase section */
		37F3D0542AF0464D00782CFD /* Sources */ = {
			isa = PBXSourcesBuildPhase;
			buildActionMask = 2147483647;
			files = (
				37F3D05E2AF0464D00782CFD /* ContentView.swift in Sources */,
				37F3D05C2AF0464D00782CFD /* oct30gameApp.swift in Sources */,
			);
			runOnlyForDeploymentPostprocessing = 0;
		};
		37F3D0642AF0464E00782CFD /* Sources */ = {
			isa = PBXSourcesBuildPhase;
			buildActionMask = 2147483647;
			files = (
				37F3D06D2AF0464E00782CFD /* oct30gameTests.swift in Sources */,
			);
			runOnlyForDeploymentPostprocessing = 0;
		};
		37F3D06E2AF0464E00782CFD /* Sources */ = {
			isa = PBXSourcesBuildPhase;
			buildActionMask = 2147483647;
			files = (
				37F3D0792AF0464E00782CFD /* oct30gameUITestsLaunchTests.swift in Sources */,
				37F3D0772AF0464E00782CFD /* oct30gameUITests.swift in Sources */,
			);
			runOnlyForDeploymentPostprocessing = 0;
		};
/* End PBXSourcesBuildPhase section */

/* Begin PBXTargetDependency section */
		37F3D06A2AF0464E00782CFD /* PBXTargetDependency */ = {
			isa = PBXTargetDependency;
			target = 37F3D0572AF0464D00782CFD /* oct30game */;
			targetProxy = 37F3D0692AF0464E00782CFD /* PBXContainerItemProxy */;
		};
		37F3D0742AF0464E00782CFD /* PBXTargetDependency */ = {
			isa = PBXTargetDependency;
			target = 37F3D0572AF0464D00782CFD /* oct30game */;
			targetProxy = 37F3D0732AF0464E00782CFD /* PBXContainerItemProxy */;
		};
/* End PBXTargetDependency section */

/* Begin XCBuildConfiguration section */
		37F3D07A2AF0464E00782CFD /* Debug */ = {
			isa = XCBuildConfiguration;
			buildSettings = {
				ALWAYS_SEARCH_USER_PATHS = NO;
				CLANG_ANALYZER_NONNULL = YES;
				CLANG_ANALYZER_NUMBER_OBJECT_CONVERSION = YES_AGGRESSIVE;
				CLANG_CXX_LANGUAGE_STANDARD = "gnu++20";
				CLANG_ENABLE_MODULES = YES;
				CLANG_ENABLE_OBJC_ARC = YES;
				CLANG_ENABLE_OBJC_WEAK = YES;
				CLANG_WARN_BLOCK_CAPTURE_AUTORELEASING = YES;
				CLANG_WARN_BOOL_CONVERSION = YES;
				CLANG_WARN_COMMA = YES;
				CLANG_WARN_CONSTANT_CONVERSION = YES;
				CLANG_WARN_DEPRECATED_OBJC_IMPLEMENTATIONS = YES;
				CLANG_WARN_DIRECT_OBJC_ISA_USAGE = YES_ERROR;
				CLANG_WARN_DOCUMENTATION_COMMENTS = YES;
				CLANG_WARN_EMPTY_BODY = YES;
				CLANG_WARN_ENUM_CONVERSION = YES;
				CLANG_WARN_INFINITE_RECURSION = YES;
				CLANG_WARN_INT_CONVERSION = YES;
				CLANG_WARN_NON_LITERAL_NULL_CONVERSION = YES;
				CLANG_WARN_OBJC_IMPLICIT_RETAIN_SELF = YES;
				CLANG_WARN_OBJC_LITERAL_CONVERSION = YES;
				CLANG_WARN_OBJC_ROOT_CLASS = YES_ERROR;
				CLANG_WARN_QUOTED_INCLUDE_IN_FRAMEWORK_HEADER = YES;
				CLANG_WARN_RANGE_LOOP_ANALYSIS = YES;
				CLANG_WARN_STRICT_PROTOTYPES = YES;
				CLANG_WARN_SUSPICIOUS_MOVE = YES;
				CLANG_WARN_UNGUARDED_AVAILABILITY = YES_AGGRESSIVE;
				CLANG_WARN_UNREACHABLE_CODE = YES;
				CLANG_WARN__DUPLICATE_METHOD_MATCH = YES;
				COPY_PHASE_STRIP = NO;
				DEBUG_INFORMATION_FORMAT = dwarf;
				ENABLE_STRICT_OBJC_MSGSEND = YES;
				ENABLE_TESTABILITY = YES;
				GCC_C_LANGUAGE_STANDARD = gnu11;
				GCC_DYNAMIC_NO_PIC = NO;
				GCC_NO_COMMON_BLOCKS = YES;
				GCC_OPTIMIZATION_LEVEL = 0;
				GCC_PREPROCESSOR_DEFINITIONS = (
					"DEBUG=1",
					"$(inherited)",
				);
				GCC_WARN_64_TO_32_BIT_CONVERSION = YES;
				GCC_WARN_ABOUT_RETURN_TYPE = YES_ERROR;
				GCC_WARN_UNDECLARED_SELECTOR = YES;
				GCC_WARN_UNINITIALIZED_AUTOS = YES_AGGRESSIVE;
				GCC_WARN_UNUSED_FUNCTION = YES;
				GCC_WARN_UNUSED_VARIABLE = YES;
				IPHONEOS_DEPLOYMENT_TARGET = 16.4;
				MTL_ENABLE_DEBUG_INFO = INCLUDE_SOURCE;
				MTL_FAST_MATH = YES;
				ONLY_ACTIVE_ARCH = YES;
				SDKROOT = iphoneos;
				SWIFT_ACTIVE_COMPILATION_CONDITIONS = DEBUG;
				SWIFT_OPTIMIZATION_LEVEL = "-Onone";
			};
			name = Debug;
		};
		37F3D07B2AF0464E00782CFD /* Release */ = {
			isa = XCBuildConfiguration;
			buildSettings = {
				ALWAYS_SEARCH_USER_PATHS = NO;
				CLANG_ANALYZER_NONNULL = YES;
				CLANG_ANALYZER_NUMBER_OBJECT_CONVERSION = YES_AGGRESSIVE;
				CLANG_CXX_LANGUAGE_STANDARD = "gnu++20";
				CLANG_ENABLE_MODULES = YES;
				CLANG_ENABLE_OBJC_ARC = YES;
				CLANG_ENABLE_OBJC_WEAK = YES;
				CLANG_WARN_BLOCK_CAPTURE_AUTORELEASING = YES;
				CLANG_WARN_BOOL_CONVERSION = YES;
				CLANG_WARN_COMMA = YES;
				CLANG_WARN_CONSTANT_CONVERSION = YES;
				CLANG_WARN_DEPRECATED_OBJC_IMPLEMENTATIONS = YES;
				CLANG_WARN_DIRECT_OBJC_ISA_USAGE = YES_ERROR;
				CLANG_WARN_DOCUMENTATION_COMMENTS = YES;
				CLANG_WARN_EMPTY_BODY = YES;
				CLANG_WARN_ENUM_CONVERSION = YES;
				CLANG_WARN_INFINITE_RECURSION = YES;
				CLANG_WARN_INT_CONVERSION = YES;
				CLANG_WARN_NON_LITERAL_NULL_CONVERSION = YES;
				CLANG_WARN_OBJC_IMPLICIT_RETAIN_SELF = YES;
				CLANG_WARN_OBJC_LITERAL_CONVERSION = YES;
				CLANG_WARN_OBJC_ROOT_CLASS = YES_ERROR;
				CLANG_WARN_QUOTED_INCLUDE_IN_FRAMEWORK_HEADER = YES;
				CLANG_WARN_RANGE_LOOP_ANALYSIS = YES;
				CLANG_WARN_STRICT_PROTOTYPES = YES;
				CLANG_WARN_SUSPICIOUS_MOVE = YES;
				CLANG_WARN_UNGUARDED_AVAILABILITY = YES_AGGRESSIVE;
				CLANG_WARN_UNREACHABLE_CODE = YES;
				CLANG_WARN__DUPLICATE_METHOD_MATCH = YES;
				COPY_PHASE_STRIP = NO;
				DEBUG_INFORMATION_FORMAT = "dwarf-with-dsym";
				ENABLE_NS_ASSERTIONS = NO;
				ENABLE_STRICT_OBJC_MSGSEND = YES;
				GCC_C_LANGUAGE_STANDARD = gnu11;
				GCC_NO_COMMON_BLOCKS = YES;
				GCC_WARN_64_TO_32_BIT_CONVERSION = YES;
				GCC_WARN_ABOUT_RETURN_TYPE = YES_ERROR;
				GCC_WARN_UNDECLARED_SELECTOR = YES;
				GCC_WARN_UNINITIALIZED_AUTOS = YES_AGGRESSIVE;
				GCC_WARN_UNUSED_FUNCTION = YES;
				GCC_WARN_UNUSED_VARIABLE = YES;
				IPHONEOS_DEPLOYMENT_TARGET = 16.4;
				MTL_ENABLE_DEBUG_INFO = NO;
				MTL_FAST_MATH = YES;
				SDKROOT = iphoneos;
				SWIFT_COMPILATION_MODE = wholemodule;
				SWIFT_OPTIMIZATION_LEVEL = "-O";
				VALIDATE_PRODUCT = YES;
			};
			name = Release;
		};
		37F3D07D2AF0464E00782CFD /* Debug */ = {
			isa = XCBuildConfiguration;
			buildSettings = {
				ASSETCATALOG_COMPILER_APPICON_NAME = AppIcon;
				ASSETCATALOG_COMPILER_GLOBAL_ACCENT_COLOR_NAME = AccentColor;
				CODE_SIGN_STYLE = Automatic;
				CURRENT_PROJECT_VERSION = 1;
				DEVELOPMENT_ASSET_PATHS = "\"oct30game/Preview Content\"";
				DEVELOPMENT_TEAM = 5JUWHW5NKC;
				ENABLE_PREVIEWS = YES;
				GENERATE_INFOPLIST_FILE = YES;
				INFOPLIST_KEY_UIApplicationSceneManifest_Generation = YES;
				INFOPLIST_KEY_UIApplicationSupportsIndirectInputEvents = YES;
				INFOPLIST_KEY_UILaunchScreen_Generation = YES;
				INFOPLIST_KEY_UISupportedInterfaceOrientations_iPad = "UIInterfaceOrientationPortrait UIInterfaceOrientationPortraitUpsideDown UIInterfaceOrientationLandscapeLeft UIInterfaceOrientationLandscapeRight";
				INFOPLIST_KEY_UISupportedInterfaceOrientations_iPhone = "UIInterfaceOrientationPortrait UIInterfaceOrientationLandscapeLeft UIInterfaceOrientationLandscapeRight";
				LD_RUNPATH_SEARCH_PATHS = (
					"$(inherited)",
					"@executable_path/Frameworks",
				);
				MARKETING_VERSION = 1.0;
				PRODUCT_BUNDLE_IDENTIFIER = Julia.oct30game;
				PRODUCT_NAME = "$(TARGET_NAME)";
				SWIFT_EMIT_LOC_STRINGS = YES;
				SWIFT_VERSION = 5.0;
				TARGETED_DEVICE_FAMILY = "1,2";
			};
			name = Debug;
		};
		37F3D07E2AF0464E00782CFD /* Release */ = {
			isa = XCBuildConfiguration;
			buildSettings = {
				ASSETCATALOG_COMPILER_APPICON_NAME = AppIcon;
				ASSETCATALOG_COMPILER_GLOBAL_ACCENT_COLOR_NAME = AccentColor;
				CODE_SIGN_STYLE = Automatic;
				CURRENT_PROJECT_VERSION = 1;
				DEVELOPMENT_ASSET_PATHS = "\"oct30game/Preview Content\"";
				DEVELOPMENT_TEAM = 5JUWHW5NKC;
				ENABLE_PREVIEWS = YES;
				GENERATE_INFOPLIST_FILE = YES;
				INFOPLIST_KEY_UIApplicationSceneManifest_Generation = YES;
				INFOPLIST_KEY_UIApplicationSupportsIndirectInputEvents = YES;
				INFOPLIST_KEY_UILaunchScreen_Generation = YES;
				INFOPLIST_KEY_UISupportedInterfaceOrientations_iPad = "UIInterfaceOrientationPortrait UIInterfaceOrientationPortraitUpsideDown UIInterfaceOrientationLandscapeLeft UIInterfaceOrientationLandscapeRight";
				INFOPLIST_KEY_UISupportedInterfaceOrientations_iPhone = "UIInterfaceOrientationPortrait UIInterfaceOrientationLandscapeLeft UIInterfaceOrientationLandscapeRight";
				LD_RUNPATH_SEARCH_PATHS = (
					"$(inherited)",
					"@executable_path/Frameworks",
				);
				MARKETING_VERSION = 1.0;
				PRODUCT_BUNDLE_IDENTIFIER = Julia.oct30game;
				PRODUCT_NAME = "$(TARGET_NAME)";
				SWIFT_EMIT_LOC_STRINGS = YES;
				SWIFT_VERSION = 5.0;
				TARGETED_DEVICE_FAMILY = "1,2";
			};
			name = Release;
		};
		37F3D0802AF0464E00782CFD /* Debug */ = {
			isa = XCBuildConfiguration;
			buildSettings = {
				ALWAYS_EMBED_SWIFT_STANDARD_LIBRARIES = YES;
				BUNDLE_LOADER = "$(TEST_HOST)";
				CODE_SIGN_STYLE = Automatic;
				CURRENT_PROJECT_VERSION = 1;
				DEVELOPMENT_TEAM = 5JUWHW5NKC;
				GENERATE_INFOPLIST_FILE = YES;
				IPHONEOS_DEPLOYMENT_TARGET = 16.4;
				MARKETING_VERSION = 1.0;
				PRODUCT_BUNDLE_IDENTIFIER = Julia.oct30gameTests;
				PRODUCT_NAME = "$(TARGET_NAME)";
				SWIFT_EMIT_LOC_STRINGS = NO;
				SWIFT_VERSION = 5.0;
				TARGETED_DEVICE_FAMILY = "1,2";
				TEST_HOST = "$(BUILT_PRODUCTS_DIR)/oct30game.app/$(BUNDLE_EXECUTABLE_FOLDER_PATH)/oct30game";
			};
			name = Debug;
		};
		37F3D0812AF0464E00782CFD /* Release */ = {
			isa = XCBuildConfiguration;
			buildSettings = {
				ALWAYS_EMBED_SWIFT_STANDARD_LIBRARIES = YES;
				BUNDLE_LOADER = "$(TEST_HOST)";
				CODE_SIGN_STYLE = Automatic;
				CURRENT_PROJECT_VERSION = 1;
				DEVELOPMENT_TEAM = 5JUWHW5NKC;
				GENERATE_INFOPLIST_FILE = YES;
				IPHONEOS_DEPLOYMENT_TARGET = 16.4;
				MARKETING_VERSION = 1.0;
				PRODUCT_BUNDLE_IDENTIFIER = Julia.oct30gameTests;
				PRODUCT_NAME = "$(TARGET_NAME)";
				SWIFT_EMIT_LOC_STRINGS = NO;
				SWIFT_VERSION = 5.0;
				TARGETED_DEVICE_FAMILY = "1,2";
				TEST_HOST = "$(BUILT_PRODUCTS_DIR)/oct30game.app/$(BUNDLE_EXECUTABLE_FOLDER_PATH)/oct30game";
			};
			name = Release;
		};
		37F3D0832AF0464E00782CFD /* Debug */ = {
			isa = XCBuildConfiguration;
			buildSettings = {
				ALWAYS_EMBED_SWIFT_STANDARD_LIBRARIES = YES;
				CODE_SIGN_STYLE = Automatic;
				CURRENT_PROJECT_VERSION = 1;
				DEVELOPMENT_TEAM = 5JUWHW5NKC;
				GENERATE_INFOPLIST_FILE = YES;
				MARKETING_VERSION = 1.0;
				PRODUCT_BUNDLE_IDENTIFIER = Julia.oct30gameUITests;
				PRODUCT_NAME = "$(TARGET_NAME)";
				SWIFT_EMIT_LOC_STRINGS = NO;
				SWIFT_VERSION = 5.0;
				TARGETED_DEVICE_FAMILY = "1,2";
				TEST_TARGET_NAME = oct30game;
			};
			name = Debug;
		};
		37F3D0842AF0464E00782CFD /* Release */ = {
			isa = XCBuildConfiguration;
			buildSettings = {
				ALWAYS_EMBED_SWIFT_STANDARD_LIBRARIES = YES;
				CODE_SIGN_STYLE = Automatic;
				CURRENT_PROJECT_VERSION = 1;
				DEVELOPMENT_TEAM = 5JUWHW5NKC;
				GENERATE_INFOPLIST_FILE = YES;
				MARKETING_VERSION = 1.0;
				PRODUCT_BUNDLE_IDENTIFIER = Julia.oct30gameUITests;
				PRODUCT_NAME = "$(TARGET_NAME)";
				SWIFT_EMIT_LOC_STRINGS = NO;
				SWIFT_VERSION = 5.0;
				TARGETED_DEVICE_FAMILY = "1,2";
				TEST_TARGET_NAME = oct30game;
			};
			name = Release;
		};
/* End XCBuildConfiguration section */

/* Begin XCConfigurationList section */
		37F3D0532AF0464D00782CFD /* Build configuration list for PBXProject "oct30game" */ = {
			isa = XCConfigurationList;
			buildConfigurations = (
				37F3D07A2AF0464E00782CFD /* Debug */,
				37F3D07B2AF0464E00782CFD /* Release */,
			);
			defaultConfigurationIsVisible = 0;
			defaultConfigurationName = Release;
		};
		37F3D07C2AF0464E00782CFD /* Build configuration list for PBXNativeTarget "oct30game" */ = {
			isa = XCConfigurationList;
			buildConfigurations = (
				37F3D07D2AF0464E00782CFD /* Debug */,
				37F3D07E2AF0464E00782CFD /* Release */,
			);
			defaultConfigurationIsVisible = 0;
			defaultConfigurationName = Release;
		};
		37F3D07F2AF0464E00782CFD /* Build configuration list for PBXNativeTarget "oct30gameTests" */ = {
			isa = XCConfigurationList;
			buildConfigurations = (
				37F3D0802AF0464E00782CFD /* Debug */,
				37F3D0812AF0464E00782CFD /* Release */,
			);
			defaultConfigurationIsVisible = 0;
			defaultConfigurationName = Release;
		};
		37F3D0822AF0464E00782CFD /* Build configuration list for PBXNativeTarget "oct30gameUITests" */ = {
			isa = XCConfigurationList;
			buildConfigurations = (
				37F3D0832AF0464E00782CFD /* Debug */,
				37F3D0842AF0464E00782CFD /* Release */,
			);
			defaultConfigurationIsVisible = 0;
			defaultConfigurationName = Release;
		};
/* End XCConfigurationList section */
	};
	rootObject = 37F3D0502AF0464D00782CFD /* Project object */;
}
